{
  "version": "4",
  "redirects": {
    "https://deno.land/std/http/server.ts": "https://deno.land/std@0.224.0/http/server.ts",
    "https://deno.land/x/grammy/mod.ts": "https://deno.land/x/grammy@v1.34.1/mod.ts"
  },
  "remote": {
    "https://cdn.skypack.dev/-/debug@v4.3.4-o4liVvMlOnQWbLSYZMXw/dist=es2019,mode=imports/optimized/debug.js": "671100993996e39b501301a87000607916d4d2d9f8fc8e9c5200ae5ba64a1389",
    "https://cdn.skypack.dev/-/ms@v2.1.2-giBDZ1IA5lmQ3ZXaa87V/dist=es2019,mode=imports/optimized/ms.js": "fd88e2d51900437011f1ad232f3393ce97db1b87a7844b3c58dd6d65562c1276",
    "https://cdn.skypack.dev/debug@4.3.4": "7b1d010cc930f71b940ba5941da055bc181115229e29de7214bdb4425c68ea76",
    "https://deno.land/std@0.211.0/path/_common/assert_path.ts": "2ca275f36ac1788b2acb60fb2b79cb06027198bc2ba6fb7e163efaedde98c297",
    "https://deno.land/std@0.211.0/path/_common/basename.ts": "569744855bc8445f3a56087fd2aed56bdad39da971a8d92b138c9913aecc5fa2",
    "https://deno.land/std@0.211.0/path/_common/constants.ts": "dc5f8057159f4b48cd304eb3027e42f1148cf4df1fb4240774d3492b5d12ac0c",
    "https://deno.land/std@0.211.0/path/_common/strip_trailing_separators.ts": "7024a93447efcdcfeaa9339a98fa63ef9d53de363f1fbe9858970f1bba02655a",
    "https://deno.land/std@0.211.0/path/_os.ts": "8fb9b90fb6b753bd8c77cfd8a33c2ff6c5f5bc185f50de8ca4ac6a05710b2c15",
    "https://deno.land/std@0.211.0/path/basename.ts": "5d341aadb7ada266e2280561692c165771d071c98746fcb66da928870cd47668",
    "https://deno.land/std@0.211.0/path/posix/_util.ts": "1e3937da30f080bfc99fe45d7ed23c47dd8585c5e473b2d771380d3a6937cf9d",
    "https://deno.land/std@0.211.0/path/posix/basename.ts": "39ee27a29f1f35935d3603ccf01d53f3d6e0c5d4d0f84421e65bd1afeff42843",
    "https://deno.land/std@0.211.0/path/windows/_util.ts": "d5f47363e5293fced22c984550d5e70e98e266cc3f31769e1710511803d04808",
    "https://deno.land/std@0.211.0/path/windows/basename.ts": "e2dbf31d1d6385bfab1ce38c333aa290b6d7ae9e0ecb8234a654e583cf22f8fe",
    "https://deno.land/std@0.224.0/async/delay.ts": "f90dd685b97c2f142b8069082993e437b1602b8e2561134827eeb7c12b95c499",
    "https://deno.land/std@0.224.0/http/server.ts": "f9313804bf6467a1704f45f76cb6cd0a3396a3b31c316035e6a4c2035d1ea514",
    "https://deno.land/std@0.93.0/_util/assert.ts": "2f868145a042a11d5ad0a3c748dcf580add8a0dbc0e876eaa0026303a5488f58",
    "https://deno.land/std@0.93.0/async/deferred.ts": "624bef4b755b71394620508a0c234a93cb8020cbd1b04bfcdad41c174392cef6",
    "https://deno.land/std@0.93.0/async/delay.ts": "9de1d8d07d1927767ab7f82434b883f3d8294fb19cad819691a2ad81a728cf3d",
    "https://deno.land/std@0.93.0/async/mod.ts": "253b41c658d768613eacfb11caa0a9ca7148442f932018a45576f7f27554c853",
    "https://deno.land/std@0.93.0/async/mux_async_iterator.ts": "c405c4c1194f7600189aa81dfe243e165c27f36eaea88a301fa2a74ce974548b",
    "https://deno.land/std@0.93.0/async/pool.ts": "353ce4f91865da203a097aa6f33de8966340c91b6f4a055611c8c5d534afd12f",
    "https://deno.land/std@0.93.0/bytes/mod.ts": "1ae1ccfe98c4b979f12b015982c7444f81fcb921bea7aa215bf37d84f46e1e13",
    "https://deno.land/std@0.93.0/encoding/base64.ts": "eecae390f1f1d1cae6f6c6d732ede5276bf4b9cd29b1d281678c054dc5cc009e",
    "https://deno.land/std@0.93.0/encoding/hex.ts": "f952e0727bddb3b2fd2e6889d104eacbd62e92091f540ebd6459317a61932d9b",
    "https://deno.land/std@0.93.0/fmt/colors.ts": "db22b314a2ae9430ae7460ce005e0a7130e23ae1c999157e3bb77cf55800f7e4",
    "https://deno.land/std@0.93.0/io/buffer.ts": "2a92f02c1d8daaebaf13e5678ea5969c89f4fab533f687b9e7e86f49f11c3118",
    "https://deno.land/std@0.93.0/io/util.ts": "843ccf667ff291ba2315c2419a54b4e76dbc7c0f6c3152f640eac4dc954e3753",
    "https://deno.land/std@0.93.0/node/_errors.ts": "c7c2acbf6589964a8b1a52ab5d80d9028f72033ed250b5dd3c9838f32d129378",
    "https://deno.land/std@0.93.0/node/_stream/async_iterator.ts": "f5e8e4cf7e823364740a9db1cf492f571a4c7c7cbc4c9f65cb505db439eecca1",
    "https://deno.land/std@0.93.0/node/_stream/buffer_list.ts": "93526777ba6436a5e73590b7878506ad4dbe99e6cb041d15cf748b2df28596d1",
    "https://deno.land/std@0.93.0/node/_stream/destroy.ts": "c6248bab9e1c85693716867a48cb881c6df6d6111c698d7b9301eda571e54347",
    "https://deno.land/std@0.93.0/node/_stream/duplex.ts": "c0a6ce0a286ccd2c37cca217c356316007b799b803865b20a3c75559a6e933ad",
    "https://deno.land/std@0.93.0/node/_stream/duplex_internal.ts": "61c6dd6712472ca70019ad207455df2ab5524248ba3c5325ccc78473fe0b2795",
    "https://deno.land/std@0.93.0/node/_stream/end_of_stream.ts": "e50febbfa47f2ac4bc7807a16325d2550eb2f0799f8b7b035e30f04b3d399096",
    "https://deno.land/std@0.93.0/node/_stream/from.ts": "3f2d282b1fcffbfcf964b4e86518c19187a6dfebca6399d0d368dc9f24de2250",
    "https://deno.land/std@0.93.0/node/_stream/passthrough.ts": "361145fcdd270f00b162565c7e12078ef1f48b1c96ce7954998a985b926322ba",
    "https://deno.land/std@0.93.0/node/_stream/pipeline.ts": "b51c16a55a9d6999e6bee643e628d1b988f020b0743d8e224aa5f13cdcb5a6eb",
    "https://deno.land/std@0.93.0/node/_stream/promises.ts": "71d77087c158c2c3b84ddc0a4a4d70f810f6767b55195374303fa271f224cee9",
    "https://deno.land/std@0.93.0/node/_stream/readable.ts": "2ec561391e274e4f79954f0f97fdac00640ffb3c07699703a197f76cc3e9e0a3",
    "https://deno.land/std@0.93.0/node/_stream/readable_internal.ts": "2ebb5fdeadbf6dc8eb79a30e8750b08b07c6868c8b6e54d5415a97bd5c067535",
    "https://deno.land/std@0.93.0/node/_stream/stream.ts": "12ea4dab20cbef772fbc3d58feb7741cb7b515da7cdd550e9c1c56b624f8b167",
    "https://deno.land/std@0.93.0/node/_stream/symbols.ts": "980ba25e8e05593fd775c51e05e7ccf2af7fe466616f110c107dd96bce302754",
    "https://deno.land/std@0.93.0/node/_stream/transform.ts": "7b7b7fe1506e461412f5f53325da57d8de11dde2990c7e2f8d0d8cb7690262e3",
    "https://deno.land/std@0.93.0/node/_stream/writable.ts": "67bc3c96bd15c7c0cdedf5bf6422304b245d39c2dbdace0c3de2f5598a38b4ce",
    "https://deno.land/std@0.93.0/node/_stream/writable_internal.ts": "ef00bd654f949c17eb4b1749d1e37e92a93cbc7fc5807b63875d3b94a667c023",
    "https://deno.land/std@0.93.0/node/_util/_util_callbackify.ts": "f2ac50a47572dde37612a52c7b337afeefb6faafdb849184487e06436334a5ab",
    "https://deno.land/std@0.93.0/node/_util/_util_promisify.ts": "2ad6efe685f73443d5ed6ae009999789a8de4a0f01e6d2afdf242b4515477ee2",
    "https://deno.land/std@0.93.0/node/_util/_util_types.ts": "ae3d21e07c975f06590ab80bbde8173670d70ff40546267c0c1df869fc2ff00c",
    "https://deno.land/std@0.93.0/node/_utils.ts": "33b06f2877d3ee80f17190ee81fdc436755ce74b9c2a9a4492c7cdfe2a03e4c6",
    "https://deno.land/std@0.93.0/node/assert.ts": "eed03a5a60700d5af0fa4461cb353a5bb4dfbff5740633bb9b378b0b92a97c3c",
    "https://deno.land/std@0.93.0/node/assertion_error.ts": "119c61306d2872a70ebde301dc09466db3b91197a49c95149f89ca09d410ad81",
    "https://deno.land/std@0.93.0/node/buffer.ts": "5d149bccd443c496b1c48436b6242999b40da5309acb76462c1159766c1b2370",
    "https://deno.land/std@0.93.0/node/events.ts": "0feda0707e2229363f5df8b799fed41bb91de6ca7106f27c7a9f0a02ea11b9d4",
    "https://deno.land/std@0.93.0/node/stream.ts": "c7c69f423a21ff7634ba2a07b8fe08e308e169f6ea5a7d91c9a7587ccbac82c3",
    "https://deno.land/std@0.93.0/node/string_decoder.ts": "da8586cf9288fa8d83574c409b4eadb0d634b0294fad2b4675df78dfac6ff546",
    "https://deno.land/std@0.93.0/node/util.ts": "3888b31481d7830e62818078fa6372086a316fff8b3283db6d4a1e01c7012030",
    "https://deno.land/std@0.93.0/testing/_diff.ts": "961eaf6d9f5b0a8556c9d835bbc6fa74f5addd7d3b02728ba7936ff93364f7a3",
    "https://deno.land/std@0.93.0/testing/asserts.ts": "9ae4f282a1164efa53f566f15b09319e6de7eea0a4ed63e8db7faf8213f05d8c",
    "https://deno.land/x/grammy@v1.34.1/bot.ts": "477241b42959a7721292259b958da0601a3f50bb6cc07a642c8f74ccc3226a6c",
    "https://deno.land/x/grammy@v1.34.1/composer.ts": "dab5a40d8a6fdc734bfb218f8b2e4ef846c05b833219ddd3fdee3f145bb2660b",
    "https://deno.land/x/grammy@v1.34.1/context.ts": "7ade509a98d8d3bb314c50bcbe89e970a071d474b6b0b290972f726ab7a937fa",
    "https://deno.land/x/grammy@v1.34.1/convenience/constants.ts": "1560129784be52f49aa0bea8716f09ed00dac367fef195be6a2c09bdfc43fb99",
    "https://deno.land/x/grammy@v1.34.1/convenience/frameworks.ts": "e903992a2f277bdc96e3456436979718b9a46029626f8d68a116de72782f381d",
    "https://deno.land/x/grammy@v1.34.1/convenience/inline_query.ts": "409d1940c7670708064efa495003bcbfdf6763a756b2e6303c464489fd3394ff",
    "https://deno.land/x/grammy@v1.34.1/convenience/input_media.ts": "7af72a5fdb1af0417e31b1327003f536ddfdf64e06ab8bc7f5da6b574de38658",
    "https://deno.land/x/grammy@v1.34.1/convenience/keyboard.ts": "dcfdc05f51758855d31dc80637798e0ca1d7f9b85038a6e9e600522e7cdac490",
    "https://deno.land/x/grammy@v1.34.1/convenience/session.ts": "5e4b976528a0b3d7893645ac23e2e35e78671af578a3aed5efb4b621e7e9b6da",
    "https://deno.land/x/grammy@v1.34.1/convenience/webhook.ts": "722f6da8de7578ecfcd263ca07ec3b81f09e7f243fdf2a887ac0e6cab509e116",
    "https://deno.land/x/grammy@v1.34.1/core/api.ts": "f87461d1729dba0cbba9e8c97d903b928ec6bcdc11c25a585e0dbbcca00ae631",
    "https://deno.land/x/grammy@v1.34.1/core/client.ts": "44a9f9fd6dc7eb8ab3c57dab3f550ef5ec53142c5df16ab5501da8e3ea62dcff",
    "https://deno.land/x/grammy@v1.34.1/core/error.ts": "5245f18f273da6be364f525090c24d2e9a282c180904f674f66946f2b2556247",
    "https://deno.land/x/grammy@v1.34.1/core/payload.ts": "420e17c3c2830b5576ea187cfce77578fe09f1204b25c25ea2f220ca7c86e73b",
    "https://deno.land/x/grammy@v1.34.1/filter.ts": "dd30fa957e37a0857e471157bc5a21a13b8f5c3d145b512679aefb3ff5174670",
    "https://deno.land/x/grammy@v1.34.1/mod.ts": "7723e08709ff7fd01df3e463503e14e4fd1a581669380eed70351e1121e8a833",
    "https://deno.land/x/grammy@v1.34.1/platform.deno.ts": "68272a7e1d9a2d74d8a45342526485dbc0531dee812f675d7f8a4e7fc8393028",
    "https://deno.land/x/grammy@v1.34.1/types.deno.ts": "6de0dbb19e6970db2dc07e582240eb2221c88973a936d54b99f827206e74adc6",
    "https://deno.land/x/grammy@v1.34.1/types.ts": "729415590dfa188dbe924dea614dff4e976babdbabb28a307b869fc25777cdf0",
    "https://deno.land/x/grammy_types@v3.18.0/api.ts": "ae04d6628e3d25ae805bc07a19475065044fc44cde0a40877405bc3544d03a5f",
    "https://deno.land/x/grammy_types@v3.18.0/inline.ts": "9afd0340eafd22acb163f2f680d58b85719f0edc92dffa4d259fc5232e543d23",
    "https://deno.land/x/grammy_types@v3.18.0/langs.ts": "5f5fd09c58ba3ae942dd7cea2696f95587d2032c1829bba4bca81762b7ef73b6",
    "https://deno.land/x/grammy_types@v3.18.0/manage.ts": "a4ed0c42e9e8157c26eae09ea58bc2f015b6b5322f6624db1c8deb55b5d3aed4",
    "https://deno.land/x/grammy_types@v3.18.0/markup.ts": "b989e0712f9731c59e6cb308371b1722d823dd55de3d6bcaf3e4ed645a42e1f9",
    "https://deno.land/x/grammy_types@v3.18.0/message.ts": "e42c62951a6e6e4eacc2207c5c9ebd20608df14a17a0cb7d9afdd75a7a7cb999",
    "https://deno.land/x/grammy_types@v3.18.0/methods.ts": "d1ad2a446cb40fe15c461e2d3e07bc072d10846ac3bc337401bf72f2667371ff",
    "https://deno.land/x/grammy_types@v3.18.0/mod.ts": "7ecea1d3f7085d64419b78183039c78d70d655aeaa8b07f118ffbfb823f5b0b7",
    "https://deno.land/x/grammy_types@v3.18.0/passport.ts": "19820e7d6c279521f8bc8912d6a378239f73d4ab525453808994b5f44ef95215",
    "https://deno.land/x/grammy_types@v3.18.0/payment.ts": "1ecf4f6d6bd89e8ac0c1731ca3ed593df64598156149b27372a0222dadbb593a",
    "https://deno.land/x/grammy_types@v3.18.0/settings.ts": "f8ff810da6f1007ed24cd504809bf46820229c395ff9bfc3e5c8ceaef5b2aae1",
    "https://deno.land/x/grammy_types@v3.18.0/update.ts": "71cc0d5ec860149b71415ba03282b1d7edd0466b36e2789521a3b3a3d7796493",
    "https://deno.land/x/grpc_basic@0.4.7/error.ts": "b2c4c17b2b1d3e7040db463b23a633ad6634865c8d4720e4fc7506718e87d3d6",
    "https://deno.land/x/grpc_basic@0.4.7/http2/conn.ts": "9188f139ff6fd83b79e43782f6469b0e4ca77c195814e48807216bdf86386e6b",
    "https://deno.land/x/grpc_basic@0.4.7/http2/flow.ts": "e99768743a03a6a28243e3c8c9a293634afad20970963f32c86c754faa77ad32",
    "https://deno.land/x/grpc_basic@0.4.7/http2/frames.ts": "3558edb47caf92f78016d371ad0ab919b571187e8af0d817136fc270b595a588",
    "https://deno.land/x/grpc_basic@0.4.7/http2/hpack.ts": "549ca5bdb1d43accaee075c5e0c1b63b6178079ea3c8e653f853127aef8e54a0",
    "https://deno.land/x/grpc_basic@0.4.7/http2/stream.ts": "43b198a0e40b61edce4d587a91f220ca93dc62416ede3e2b41db8eac1cde30a7",
    "https://deno.land/x/grpc_basic@0.4.7/http2/util.ts": "7e888b00bac606aa81f8e27737f96c6d0309fa41c4a46760ddc73a3d0102763b",
    "https://deno.land/x/grpc_basic@0.4.7/proto.ts": "6ca84ac8e15063498cdaa915695414afe07b7834fbd91e76a5708f3c8363bcb9",
    "https://deno.land/x/grpc_basic@0.4.7/server.ts": "d005082fb93fc0e54ad872326cd0e9110b2cde9c2f06c15f81fa6eaf6a25ce6e",
    "https://deno.land/x/grpc_basic@0.4.7/vendor/protobuf@v6.10.2.js": "8eaefbf219f39998148c27018b88816e3218426517dc497f7ea6802ca3172def",
    "https://deno.land/x/prohazko@1.3.5/hex.ts": "07b5172c4174a60e8e0b3b709ea12016b5673a55a3d1d0f21f44feccea44ef2e"
  },
  "workspace": {
    "dependencies": [
      "jsr:@std/assert@1"
    ]
  }
}
